
Microsoft Visual Studio Solution File, Format Version 12.00
# Visual Studio Version 17
VisualStudioVersion = 17.6.33829.357
MinimumVisualStudioVersion = 10.0.40219.1
Project("{FAE04EC0-301F-11D3-BF4B-00C04F79EFBC}") = "Microservice.Food", "Microservice.Food.csproj", "{B063CD77-6A5F-46F1-9AED-26937E19F0EC}"
EndProject
Global
	GlobalSection(SolutionConfigurationPlatforms) = preSolution
		Debug|Any CPU = Debug|Any CPU
		Release|Any CPU = Release|Any CPU
	EndGlobalSection
	GlobalSection(ProjectConfigurationPlatforms) = postSolution
		{B063CD77-6A5F-46F1-9AED-26937E19F0EC}.Debug|Any CPU.ActiveCfg = Debug|Any CPU
		{B063CD77-6A5F-46F1-9AED-26937E19F0EC}.Debug|Any CPU.Build.0 = Debug|Any CPU
		{B063CD77-6A5F-46F1-9AED-26937E19F0EC}.Release|Any CPU.ActiveCfg = Release|Any CPU
		{B063CD77-6A5F-46F1-9AED-26937E19F0EC}.Release|Any CPU.Build.0 = Release|Any CPU
	EndGlobalSection
	GlobalSection(SolutionProperties) = preSolution
		HideSolutionNode = FALSE
	EndGlobalSection
	GlobalSection(ExtensibilityGlobals) = postSolution
		SolutionGuid = {A341DA81-04CD-4120-9509-1434D1EB4ADC}
	EndGlobalSection
EndGlobal
